
Microsoft Visual Studio Solution File, Format Version 12.00
# Visual Studio Version 17
VisualStudioVersion = 17.5.33627.172
MinimumVisualStudioVersion = 10.0.40219.1
Project("{FAE04EC0-301F-11D3-BF4B-00C04F79EFBC}") = "Robo-Dialer", "Robo-Dialer\Robo-Dialer.csproj", "{05C34FDF-6DCE-4347-A577-C7EF9AAE8ECC}"
EndProject
Global
	GlobalSection(SolutionConfigurationPlatforms) = preSolution
		Debug|Any CPU = Debug|Any CPU
		Release|Any CPU = Release|Any CPU
	EndGlobalSection
	GlobalSection(ProjectConfigurationPlatforms) = postSolution
		{05C34FDF-6DCE-4347-A577-C7EF9AAE8ECC}.Debug|Any CPU.ActiveCfg = Debug|Any CPU
		{05C34FDF-6DCE-4347-A577-C7EF9AAE8ECC}.Debug|Any CPU.Build.0 = Debug|Any CPU
		{05C34FDF-6DCE-4347-A577-C7EF9AAE8ECC}.Release|Any CPU.ActiveCfg = Release|Any CPU
		{05C34FDF-6DCE-4347-A577-C7EF9AAE8ECC}.Release|Any CPU.Build.0 = Release|Any CPU
	EndGlobalSection
	GlobalSection(SolutionProperties) = preSolution
		HideSolutionNode = FALSE
	EndGlobalSection
	GlobalSection(ExtensibilityGlobals) = postSolution
		SolutionGuid = {B5AC7EC1-4307-4188-9905-13DB777F0831}
	EndGlobalSection
EndGlobal
